
Microsoft Visual Studio Solution File, Format Version 12.00
# Visual Studio Version 16
VisualStudioVersion = 16.0.31624.102
MinimumVisualStudioVersion = 10.0.40219.1
Project("{FAE04EC0-301F-11D3-BF4B-00C04F79EFBC}") = "CarSeller", "CarSeller\CarSeller.csproj", "{A5776A6E-A18A-4BB5-9332-498F61833E68}"
EndProject
Global
	GlobalSection(SolutionConfigurationPlatforms) = preSolution
		Debug|Any CPU = Debug|Any CPU
		Release|Any CPU = Release|Any CPU
	EndGlobalSection
	GlobalSection(ProjectConfigurationPlatforms) = postSolution
		{A5776A6E-A18A-4BB5-9332-498F61833E68}.Debug|Any CPU.ActiveCfg = Debug|Any CPU
		{A5776A6E-A18A-4BB5-9332-498F61833E68}.Debug|Any CPU.Build.0 = Debug|Any CPU
		{A5776A6E-A18A-4BB5-9332-498F61833E68}.Release|Any CPU.ActiveCfg = Release|Any CPU
		{A5776A6E-A18A-4BB5-9332-498F61833E68}.Release|Any CPU.Build.0 = Release|Any CPU
	EndGlobalSection
	GlobalSection(SolutionProperties) = preSolution
		HideSolutionNode = FALSE
	EndGlobalSection
	GlobalSection(ExtensibilityGlobals) = postSolution
		SolutionGuid = {77288320-B0B1-45B1-865E-BCDE76AA0710}
	EndGlobalSection
EndGlobal
